# THIS IS AN AUTOGENERATED FILE. DO NOT EDIT THIS FILE DIRECTLY.
# yarn lockfile v1

"@xmldom/xmldom@^0.8.6":
  version "0.8.10"
  resolved "https://registry.yarnpkg.com/@xmldom/xmldom/-/xmldom-0.8.10.tgz#a1337ca426aa61cef9fe15b5b28e340a72f6fa99"
  integrity sha512-2WALfTl4xo2SkGCYRt6rDTFfk9R1czmBvUQy12gK2KuRKIpWEhcbbzy8EZXtz/jkRqHX8bFEc6FC1HjX4TUWYw==

pdf2json@^3.0.4:
  version "3.0.4"
  resolved "https://registry.yarnpkg.com/pdf2json/-/pdf2json-3.0.4.tgz#8508800c8d07e4778d4247de4de49a7b641aa040"
  integrity sha512-NKmSg78W5V/T3Qvp+TPkYeARdP/XzxBTlhRGdDMrOI1beyI72JxW5u4yy5825ge3opzu4HF0xDgg+HZbYvbr4g==
  dependencies:
    "@xmldom/xmldom" "^0.8.6"

pdftohtmljs@^0.6.0:
  version "0.6.0"
  resolved "https://registry.yarnpkg.com/pdftohtmljs/-/pdftohtmljs-0.6.0.tgz#6161b5b029e81fc40d89cb9279afdbd45f0badb8"
  integrity sha512-9ihk3VQNwl45Qcj20p7Y6bFJxobvluvJVg24m+WZTYOxKqd5X/nNIWKj8X6UycTfrE7H6ittXWqV+UE/1q62yg==
